
Microsoft Visual Studio Solution File, Format Version 12.00
# Visual Studio Version 17
VisualStudioVersion = 17.9.34728.123
MinimumVisualStudioVersion = 10.0.40219.1
Project("{FAE04EC0-301F-11D3-BF4B-00C04F79EFBC}") = "ExchangeFunctions", "ExchangeFunctions\ExchangeFunctions.csproj", "{5196D867-0BDF-4B98-9460-2DB4611EB0DF}"
EndProject
Global
	GlobalSection(SolutionConfigurationPlatforms) = preSolution
		Debug|Any CPU = Debug|Any CPU
		Release|Any CPU = Release|Any CPU
	EndGlobalSection
	GlobalSection(ProjectConfigurationPlatforms) = postSolution
		{5196D867-0BDF-4B98-9460-2DB4611EB0DF}.Debug|Any CPU.ActiveCfg = Debug|Any CPU
		{5196D867-0BDF-4B98-9460-2DB4611EB0DF}.Debug|Any CPU.Build.0 = Debug|Any CPU
		{5196D867-0BDF-4B98-9460-2DB4611EB0DF}.Release|Any CPU.ActiveCfg = Release|Any CPU
		{5196D867-0BDF-4B98-9460-2DB4611EB0DF}.Release|Any CPU.Build.0 = Release|Any CPU
	EndGlobalSection
	GlobalSection(SolutionProperties) = preSolution
		HideSolutionNode = FALSE
	EndGlobalSection
	GlobalSection(ExtensibilityGlobals) = postSolution
		SolutionGuid = {C5B7ADCA-34A0-43AC-AB0F-9CE463F4E3E7}
	EndGlobalSection
EndGlobal
