
Microsoft Visual Studio Solution File, Format Version 12.00
# Visual Studio Version 17
VisualStudioVersion = 17.5.002.0
MinimumVisualStudioVersion = 10.0.40219.1
Project("{9A19103F-16F7-4668-BE54-9A1E7A4F7556}") = "ReceiverSignalRApp", "ReceiverSignalRApp.csproj", "{708702EF-C915-428D-8BA5-F2B2F48CDEEC}"
EndProject
Global
	GlobalSection(SolutionConfigurationPlatforms) = preSolution
		Debug|Any CPU = Debug|Any CPU
		Release|Any CPU = Release|Any CPU
	EndGlobalSection
	GlobalSection(ProjectConfigurationPlatforms) = postSolution
		{708702EF-C915-428D-8BA5-F2B2F48CDEEC}.Debug|Any CPU.ActiveCfg = Debug|Any CPU
		{708702EF-C915-428D-8BA5-F2B2F48CDEEC}.Debug|Any CPU.Build.0 = Debug|Any CPU
		{708702EF-C915-428D-8BA5-F2B2F48CDEEC}.Release|Any CPU.ActiveCfg = Release|Any CPU
		{708702EF-C915-428D-8BA5-F2B2F48CDEEC}.Release|Any CPU.Build.0 = Release|Any CPU
	EndGlobalSection
	GlobalSection(SolutionProperties) = preSolution
		HideSolutionNode = FALSE
	EndGlobalSection
	GlobalSection(ExtensibilityGlobals) = postSolution
		SolutionGuid = {B604AA8C-0F7F-45AD-9A24-44F1938B4D63}
	EndGlobalSection
EndGlobal
